
Microsoft Visual Studio Solution File, Format Version 12.00
# Visual Studio Version 16
VisualStudioVersion = 16.0.29709.97
MinimumVisualStudioVersion = 10.0.40219.1
Project("{FAE04EC0-301F-11D3-BF4B-00C04F79EFBC}") = "GUI", "GUI\GUI.csproj", "{04B1D3FF-A1B1-4C16-98EA-66015D9728A2}"
EndProject
Project("{FAE04EC0-301F-11D3-BF4B-00C04F79EFBC}") = "TimerService", "TimerService\TimerService.csproj", "{B88F7A0D-9F6A-4A29-A3F2-9B6C01BA2161}"
EndProject
Project("{FAE04EC0-301F-11D3-BF4B-00C04F79EFBC}") = "DataBaseLibrary", "DataBaseLibrary\DataBaseLibrary.csproj", "{4417FC98-D26F-472F-8CBC-29933BD3CE72}"
EndProject
Project("{54435603-DBB4-11D2-8724-00A0C9A8B90C}") = "TimeTrackerInstaller", "SetUp\SetUp.vdproj", "{E4DF92C8-7759-4F2C-ADE6-8944678C88C8}"
EndProject
Project("{FAE04EC0-301F-11D3-BF4B-00C04F79EFBC}") = "WCFLibrary", "WCFLibrary\WCFLibrary.csproj", "{89F151F8-1201-4266-9176-C56C4B93F11C}"
EndProject
Global
	GlobalSection(SolutionConfigurationPlatforms) = preSolution
		Debug|Any CPU = Debug|Any CPU
		Release|Any CPU = Release|Any CPU
	EndGlobalSection
	GlobalSection(ProjectConfigurationPlatforms) = postSolution
		{04B1D3FF-A1B1-4C16-98EA-66015D9728A2}.Debug|Any CPU.ActiveCfg = Debug|Any CPU
		{04B1D3FF-A1B1-4C16-98EA-66015D9728A2}.Debug|Any CPU.Build.0 = Debug|Any CPU
		{04B1D3FF-A1B1-4C16-98EA-66015D9728A2}.Release|Any CPU.ActiveCfg = Release|Any CPU
		{04B1D3FF-A1B1-4C16-98EA-66015D9728A2}.Release|Any CPU.Build.0 = Release|Any CPU
		{B88F7A0D-9F6A-4A29-A3F2-9B6C01BA2161}.Debug|Any CPU.ActiveCfg = Debug|Any CPU
		{B88F7A0D-9F6A-4A29-A3F2-9B6C01BA2161}.Debug|Any CPU.Build.0 = Debug|Any CPU
		{B88F7A0D-9F6A-4A29-A3F2-9B6C01BA2161}.Release|Any CPU.ActiveCfg = Release|Any CPU
		{B88F7A0D-9F6A-4A29-A3F2-9B6C01BA2161}.Release|Any CPU.Build.0 = Release|Any CPU
		{4417FC98-D26F-472F-8CBC-29933BD3CE72}.Debug|Any CPU.ActiveCfg = Debug|Any CPU
		{4417FC98-D26F-472F-8CBC-29933BD3CE72}.Debug|Any CPU.Build.0 = Debug|Any CPU
		{4417FC98-D26F-472F-8CBC-29933BD3CE72}.Release|Any CPU.ActiveCfg = Release|Any CPU
		{4417FC98-D26F-472F-8CBC-29933BD3CE72}.Release|Any CPU.Build.0 = Release|Any CPU
		{E4DF92C8-7759-4F2C-ADE6-8944678C88C8}.Debug|Any CPU.ActiveCfg = Debug
		{E4DF92C8-7759-4F2C-ADE6-8944678C88C8}.Release|Any CPU.ActiveCfg = Release
		{89F151F8-1201-4266-9176-C56C4B93F11C}.Debug|Any CPU.ActiveCfg = Debug|Any CPU
		{89F151F8-1201-4266-9176-C56C4B93F11C}.Debug|Any CPU.Build.0 = Debug|Any CPU
		{89F151F8-1201-4266-9176-C56C4B93F11C}.Release|Any CPU.ActiveCfg = Release|Any CPU
		{89F151F8-1201-4266-9176-C56C4B93F11C}.Release|Any CPU.Build.0 = Release|Any CPU
	EndGlobalSection
	GlobalSection(SolutionProperties) = preSolution
		HideSolutionNode = FALSE
	EndGlobalSection
	GlobalSection(ExtensibilityGlobals) = postSolution
		SolutionGuid = {ABA7C3BC-CE2C-49C8-ACDA-BC1D7FD8FDF3}
	EndGlobalSection
EndGlobal
